// !$*UTF8*$!
{
	archiveVersion = 1;
	classes = {
	};
	objectVersion = 50;
	objects = {

/* Begin PBXBuildFile section */
		D8598D3821729241007D452B /* AppDelegate.swift in Sources */ = {isa = PBXBuildFile; fileRef = D8598D3721729241007D452B /* AppDelegate.swift */; };
		D8598D3A21729241007D452B /* ViewController.swift in Sources */ = {isa = PBXBuildFile; fileRef = D8598D3921729241007D452B /* ViewController.swift */; };
		D8598D3D21729241007D452B /* Main.storyboard in Resources */ = {isa = PBXBuildFile; fileRef = D8598D3B21729241007D452B /* Main.storyboard */; };
		D8598D3F21729242007D452B /* Assets.xcassets in Resources */ = {isa = PBXBuildFile; fileRef = D8598D3E21729242007D452B /* Assets.xcassets */; };
		D8598D4221729242007D452B /* LaunchScreen.storyboard in Resources */ = {isa = PBXBuildFile; fileRef = D8598D4021729242007D452B /* LaunchScreen.storyboard */; };
		D8598D4D21729242007D452B /* sectionsTableTests.swift in Sources */ = {isa = PBXBuildFile; fileRef = D8598D4C21729242007D452B /* sectionsTableTests.swift */; };
		D8598D5821729242007D452B /* sectionsTableUITests.swift in Sources */ = {isa = PBXBuildFile; fileRef = D8598D5721729242007D452B /* sectionsTableUITests.swift */; };
		D8598D672172BD36007D452B /* AnimeAndSeriesCell.swift in Sources */ = {isa = PBXBuildFile; fileRef = D8598D662172BD36007D452B /* AnimeAndSeriesCell.swift */; };
		D8598D692172D09D007D452B /* AnimeAndSeries.swift in Sources */ = {isa = PBXBuildFile; fileRef = D8598D682172D09D007D452B /* AnimeAndSeries.swift */; };
/* End PBXBuildFile section */

/* Begin PBXContainerItemProxy section */
		D8598D4921729242007D452B /* PBXContainerItemProxy */ = {
			isa = PBXContainerItemProxy;
			containerPortal = D8598D2C21729241007D452B /* Project object */;
			proxyType = 1;
			remoteGlobalIDString = D8598D3321729241007D452B;
			remoteInfo = sectionsTable;
		};
		D8598D5421729242007D452B /* PBXContainerItemProxy */ = {
			isa = PBXContainerItemProxy;
			containerPortal = D8598D2C21729241007D452B /* Project object */;
			proxyType = 1;
			remoteGlobalIDString = D8598D3321729241007D452B;
			remoteInfo = sectionsTable;
		};
/* End PBXContainerItemProxy section */

/* Begin PBXFileReference section */
		D8598D3421729241007D452B /* sectionsTable.app */ = {isa = PBXFileReference; explicitFileType = wrapper.application; includeInIndex = 0; path = sectionsTable.app; sourceTree = BUILT_PRODUCTS_DIR; };
		D8598D3721729241007D452B /* AppDelegate.swift */ = {isa = PBXFileReference; lastKnownFileType = sourcecode.swift; path = AppDelegate.swift; sourceTree = "<group>"; };
		D8598D3921729241007D452B /* ViewController.swift */ = {isa = PBXFileReference; lastKnownFileType = sourcecode.swift; path = ViewController.swift; sourceTree = "<group>"; };
		D8598D3C21729241007D452B /* Base */ = {isa = PBXFileReference; lastKnownFileType = file.storyboard; name = Base; path = Base.lproj/Main.storyboard; sourceTree = "<group>"; };
		D8598D3E21729242007D452B /* Assets.xcassets */ = {isa = PBXFileReference; lastKnownFileType = folder.assetcatalog; path = Assets.xcassets; sourceTree = "<group>"; };
		D8598D4121729242007D452B /* Base */ = {isa = PBXFileReference; lastKnownFileType = file.storyboard; name = Base; path = Base.lproj/LaunchScreen.storyboard; sourceTree = "<group>"; };
		D8598D4321729242007D452B /* Info.plist */ = {isa = PBXFileReference; lastKnownFileType = text.plist.xml; path = Info.plist; sourceTree = "<group>"; };
		D8598D4821729242007D452B /* sectionsTableTests.xctest */ = {isa = PBXFileReference; explicitFileType = wrapper.cfbundle; includeInIndex = 0; path = sectionsTableTests.xctest; sourceTree = BUILT_PRODUCTS_DIR; };
		D8598D4C21729242007D452B /* sectionsTableTests.swift */ = {isa = PBXFileReference; lastKnownFileType = sourcecode.swift; path = sectionsTableTests.swift; sourceTree = "<group>"; };
		D8598D4E21729242007D452B /* Info.plist */ = {isa = PBXFileReference; lastKnownFileType = text.plist.xml; path = Info.plist; sourceTree = "<group>"; };
		D8598D5321729242007D452B /* sectionsTableUITests.xctest */ = {isa = PBXFileReference; explicitFileType = wrapper.cfbundle; includeInIndex = 0; path = sectionsTableUITests.xctest; sourceTree = BUILT_PRODUCTS_DIR; };
		D8598D5721729242007D452B /* sectionsTableUITests.swift */ = {isa = PBXFileReference; lastKnownFileType = sourcecode.swift; path = sectionsTableUITests.swift; sourceTree = "<group>"; };
		D8598D5921729242007D452B /* Info.plist */ = {isa = PBXFileReference; lastKnownFileType = text.plist.xml; path = Info.plist; sourceTree = "<group>"; };
		D8598D662172BD36007D452B /* AnimeAndSeriesCell.swift */ = {isa = PBXFileReference; lastKnownFileType = sourcecode.swift; path = AnimeAndSeriesCell.swift; sourceTree = "<group>"; };
		D8598D682172D09D007D452B /* AnimeAndSeries.swift */ = {isa = PBXFileReference; lastKnownFileType = sourcecode.swift; path = AnimeAndSeries.swift; sourceTree = "<group>"; };
/* End PBXFileReference section */

/* Begin PBXFrameworksBuildPhase section */
		D8598D3121729241007D452B /* Frameworks */ = {
			isa = PBXFrameworksBuildPhase;
			buildActionMask = 2147483647;
			files = (
			);
			runOnlyForDeploymentPostprocessing = 0;
		};
		D8598D4521729242007D452B /* Frameworks */ = {
			isa = PBXFrameworksBuildPhase;
			buildActionMask = 2147483647;
			files = (
			);
			runOnlyForDeploymentPostprocessing = 0;
		};
		D8598D5021729242007D452B /* Frameworks */ = {
			isa = PBXFrameworksBuildPhase;
			buildActionMask = 2147483647;
			files = (
			);
			runOnlyForDeploymentPostprocessing = 0;
		};
/* End PBXFrameworksBuildPhase section */

/* Begin PBXGroup section */
		D824A8AB2172E51A00694330 /* vc */ = {
			isa = PBXGroup;
			children = (
				D8598D3921729241007D452B /* ViewController.swift */,
				D8598D662172BD36007D452B /* AnimeAndSeriesCell.swift */,
			);
			path = vc;
			sourceTree = "<group>";
		};
		D8598D2B21729241007D452B = {
			isa = PBXGroup;
			children = (
				D8598D3621729241007D452B /* sectionsTable */,
				D8598D4B21729242007D452B /* sectionsTableTests */,
				D8598D5621729242007D452B /* sectionsTableUITests */,
				D8598D3521729241007D452B /* Products */,
			);
			sourceTree = "<group>";
		};
		D8598D3521729241007D452B /* Products */ = {
			isa = PBXGroup;
			children = (
				D8598D3421729241007D452B /* sectionsTable.app */,
				D8598D4821729242007D452B /* sectionsTableTests.xctest */,
				D8598D5321729242007D452B /* sectionsTableUITests.xctest */,
			);
			name = Products;
			sourceTree = "<group>";
		};
		D8598D3621729241007D452B /* sectionsTable */ = {
			isa = PBXGroup;
			children = (
				D824A8AB2172E51A00694330 /* vc */,
				D8598D652172BD12007D452B /* model */,
				D8598D3721729241007D452B /* AppDelegate.swift */,
				D8598D3B21729241007D452B /* Main.storyboard */,
				D8598D3E21729242007D452B /* Assets.xcassets */,
				D8598D4021729242007D452B /* LaunchScreen.storyboard */,
				D8598D4321729242007D452B /* Info.plist */,
			);
			path = sectionsTable;
			sourceTree = "<group>";
		};
		D8598D4B21729242007D452B /* sectionsTableTests */ = {
			isa = PBXGroup;
			children = (
				D8598D4C21729242007D452B /* sectionsTableTests.swift */,
				D8598D4E21729242007D452B /* Info.plist */,
			);
			path = sectionsTableTests;
			sourceTree = "<group>";
		};
		D8598D5621729242007D452B /* sectionsTableUITests */ = {
			isa = PBXGroup;
			children = (
				D8598D5721729242007D452B /* sectionsTableUITests.swift */,
				D8598D5921729242007D452B /* Info.plist */,
			);
			path = sectionsTableUITests;
			sourceTree = "<group>";
		};
		D8598D652172BD12007D452B /* model */ = {
			isa = PBXGroup;
			children = (
				D8598D682172D09D007D452B /* AnimeAndSeries.swift */,
			);
			path = model;
			sourceTree = "<group>";
		};
/* End PBXGroup section */

/* Begin PBXNativeTarget section */
		D8598D3321729241007D452B /* sectionsTable */ = {
			isa = PBXNativeTarget;
			buildConfigurationList = D8598D5C21729242007D452B /* Build configuration list for PBXNativeTarget "sectionsTable" */;
			buildPhases = (
				D8598D3021729241007D452B /* Sources */,
				D8598D3121729241007D452B /* Frameworks */,
				D8598D3221729241007D452B /* Resources */,
			);
			buildRules = (
			);
			dependencies = (
			);
			name = sectionsTable;
			productName = sectionsTable;
			productReference = D8598D3421729241007D452B /* sectionsTable.app */;
			productType = "com.apple.product-type.application";
		};
		D8598D4721729242007D452B /* sectionsTableTests */ = {
			isa = PBXNativeTarget;
			buildConfigurationList = D8598D5F21729242007D452B /* Build configuration list for PBXNativeTarget "sectionsTableTests" */;
			buildPhases = (
				D8598D4421729242007D452B /* Sources */,
				D8598D4521729242007D452B /* Frameworks */,
				D8598D4621729242007D452B /* Resources */,
			);
			buildRules = (
			);
			dependencies = (
				D8598D4A21729242007D452B /* PBXTargetDependency */,
			);
			name = sectionsTableTests;
			productName = sectionsTableTests;
			productReference = D8598D4821729242007D452B /* sectionsTableTests.xctest */;
			productType = "com.apple.product-type.bundle.unit-test";
		};
		D8598D5221729242007D452B /* sectionsTableUITests */ = {
			isa = PBXNativeTarget;
			buildConfigurationList = D8598D6221729242007D452B /* Build configuration list for PBXNativeTarget "sectionsTableUITests" */;
			buildPhases = (
				D8598D4F21729242007D452B /* Sources */,
				D8598D5021729242007D452B /* Frameworks */,
				D8598D5121729242007D452B /* Resources */,
			);
			buildRules = (
			);
			dependencies = (
				D8598D5521729242007D452B /* PBXTargetDependency */,
			);
			name = sectionsTableUITests;
			productName = sectionsTableUITests;
			productReference = D8598D5321729242007D452B /* sectionsTableUITests.xctest */;
			productType = "com.apple.product-type.bundle.ui-testing";
		};
/* End PBXNativeTarget section */

/* Begin PBXProject section */
		D8598D2C21729241007D452B /* Project object */ = {
			isa = PBXProject;
			attributes = {
				LastSwiftUpdateCheck = 1000;
				LastUpgradeCheck = 1000;
				ORGANIZATIONNAME = "Nathan Ranghel";
				TargetAttributes = {
					D8598D3321729241007D452B = {
						CreatedOnToolsVersion = 10.0;
					};
					D8598D4721729242007D452B = {
						CreatedOnToolsVersion = 10.0;
						TestTargetID = D8598D3321729241007D452B;
					};
					D8598D5221729242007D452B = {
						CreatedOnToolsVersion = 10.0;
						TestTargetID = D8598D3321729241007D452B;
					};
				};
			};
			buildConfigurationList = D8598D2F21729241007D452B /* Build configuration list for PBXProject "sectionsTable" */;
			compatibilityVersion = "Xcode 9.3";
			developmentRegion = en;
			hasScannedForEncodings = 0;
			knownRegions = (
				en,
				Base,
			);
			mainGroup = D8598D2B21729241007D452B;
			productRefGroup = D8598D3521729241007D452B /* Products */;
			projectDirPath = "";
			projectRoot = "";
			targets = (
				D8598D3321729241007D452B /* sectionsTable */,
				D8598D4721729242007D452B /* sectionsTableTests */,
				D8598D5221729242007D452B /* sectionsTableUITests */,
			);
		};
/* End PBXProject section */

/* Begin PBXResourcesBuildPhase section */
		D8598D3221729241007D452B /* Resources */ = {
			isa = PBXResourcesBuildPhase;
			buildActionMask = 2147483647;
			files = (
				D8598D4221729242007D452B /* LaunchScreen.storyboard in Resources */,
				D8598D3F21729242007D452B /* Assets.xcassets in Resources */,
				D8598D3D21729241007D452B /* Main.storyboard in Resources */,
			);
			runOnlyForDeploymentPostprocessing = 0;
		};
		D8598D4621729242007D452B /* Resources */ = {
			isa = PBXResourcesBuildPhase;
			buildActionMask = 2147483647;
			files = (
			);
			runOnlyForDeploymentPostprocessing = 0;
		};
		D8598D5121729242007D452B /* Resources */ = {
			isa = PBXResourcesBuildPhase;
			buildActionMask = 2147483647;
			files = (
			);
			runOnlyForDeploymentPostprocessing = 0;
		};
/* End PBXResourcesBuildPhase section */

/* Begin PBXSourcesBuildPhase section */
		D8598D3021729241007D452B /* Sources */ = {
			isa = PBXSourcesBuildPhase;
			buildActionMask = 2147483647;
			files = (
				D8598D3A21729241007D452B /* ViewController.swift in Sources */,
				D8598D672172BD36007D452B /* AnimeAndSeriesCell.swift in Sources */,
				D8598D3821729241007D452B /* AppDelegate.swift in Sources */,
				D8598D692172D09D007D452B /* AnimeAndSeries.swift in Sources */,
			);
			runOnlyForDeploymentPostprocessing = 0;
		};
		D8598D4421729242007D452B /* Sources */ = {
			isa = PBXSourcesBuildPhase;
			buildActionMask = 2147483647;
			files = (
				D8598D4D21729242007D452B /* sectionsTableTests.swift in Sources */,
			);
			runOnlyForDeploymentPostprocessing = 0;
		};
		D8598D4F21729242007D452B /* Sources */ = {
			isa = PBXSourcesBuildPhase;
			buildActionMask = 2147483647;
			files = (
				D8598D5821729242007D452B /* sectionsTableUITests.swift in Sources */,
			);
			runOnlyForDeploymentPostprocessing = 0;
		};
/* End PBXSourcesBuildPhase section */

/* Begin PBXTargetDependency section */
		D8598D4A21729242007D452B /* PBXTargetDependency */ = {
			isa = PBXTargetDependency;
			target = D8598D3321729241007D452B /* sectionsTable */;
			targetProxy = D8598D4921729242007D452B /* PBXContainerItemProxy */;
		};
		D8598D5521729242007D452B /* PBXTargetDependency */ = {
			isa = PBXTargetDependency;
			target = D8598D3321729241007D452B /* sectionsTable */;
			targetProxy = D8598D5421729242007D452B /* PBXContainerItemProxy */;
		};
/* End PBXTargetDependency section */

/* Begin PBXVariantGroup section */
		D8598D3B21729241007D452B /* Main.storyboard */ = {
			isa = PBXVariantGroup;
			children = (
				D8598D3C21729241007D452B /* Base */,
			);
			name = Main.storyboard;
			sourceTree = "<group>";
		};
		D8598D4021729242007D452B /* LaunchScreen.storyboard */ = {
			isa = PBXVariantGroup;
			children = (
				D8598D4121729242007D452B /* Base */,
			);
			name = LaunchScreen.storyboard;
			sourceTree = "<group>";
		};
/* End PBXVariantGroup section */

/* Begin XCBuildConfiguration section */
		D8598D5A21729242007D452B /* Debug */ = {
			isa = XCBuildConfiguration;
			buildSettings = {
				ALWAYS_SEARCH_USER_PATHS = NO;
				CLANG_ANALYZER_NONNULL = YES;
				CLANG_ANALYZER_NUMBER_OBJECT_CONVERSION = YES_AGGRESSIVE;
				CLANG_CXX_LANGUAGE_STANDARD = "gnu++14";
				CLANG_CXX_LIBRARY = "libc++";
				CLANG_ENABLE_MODULES = YES;
				CLANG_ENABLE_OBJC_ARC = YES;
				CLANG_ENABLE_OBJC_WEAK = YES;
				CLANG_WARN_BLOCK_CAPTURE_AUTORELEASING = YES;
				CLANG_WARN_BOOL_CONVERSION = YES;
				CLANG_WARN_COMMA = YES;
				CLANG_WARN_CONSTANT_CONVERSION = YES;
				CLANG_WARN_DEPRECATED_OBJC_IMPLEMENTATIONS = YES;
				CLANG_WARN_DIRECT_OBJC_ISA_USAGE = YES_ERROR;
				CLANG_WARN_DOCUMENTATION_COMMENTS = YES;
				CLANG_WARN_EMPTY_BODY = YES;
				CLANG_WARN_ENUM_CONVERSION = YES;
				CLANG_WARN_INFINITE_RECURSION = YES;
				CLANG_WARN_INT_CONVERSION = YES;
				CLANG_WARN_NON_LITERAL_NULL_CONVERSION = YES;
				CLANG_WARN_OBJC_IMPLICIT_RETAIN_SELF = YES;
				CLANG_WARN_OBJC_LITERAL_CONVERSION = YES;
				CLANG_WARN_OBJC_ROOT_CLASS = YES_ERROR;
				CLANG_WARN_RANGE_LOOP_ANALYSIS = YES;
				CLANG_WARN_STRICT_PROTOTYPES = YES;
				CLANG_WARN_SUSPICIOUS_MOVE = YES;
				CLANG_WARN_UNGUARDED_AVAILABILITY = YES_AGGRESSIVE;
				CLANG_WARN_UNREACHABLE_CODE = YES;
				CLANG_WARN__DUPLICATE_METHOD_MATCH = YES;
				CODE_SIGN_IDENTITY = "iPhone Developer";
				COPY_PHASE_STRIP = NO;
				DEBUG_INFORMATION_FORMAT = dwarf;
				ENABLE_STRICT_OBJC_MSGSEND = YES;
				ENABLE_TESTABILITY = YES;
				GCC_C_LANGUAGE_STANDARD = gnu11;
				GCC_DYNAMIC_NO_PIC = NO;
				GCC_NO_COMMON_BLOCKS = YES;
				GCC_OPTIMIZATION_LEVEL = 0;
				GCC_PREPROCESSOR_DEFINITIONS = (
					"DEBUG=1",
					"$(inherited)",
				);
				GCC_WARN_64_TO_32_BIT_CONVERSION = YES;
				GCC_WARN_ABOUT_RETURN_TYPE = YES_ERROR;
				GCC_WARN_UNDECLARED_SELECTOR = YES;
				GCC_WARN_UNINITIALIZED_AUTOS = YES_AGGRESSIVE;
				GCC_WARN_UNUSED_FUNCTION = YES;
				GCC_WARN_UNUSED_VARIABLE = YES;
				IPHONEOS_DEPLOYMENT_TARGET = 12.0;
				MTL_ENABLE_DEBUG_INFO = INCLUDE_SOURCE;
				MTL_FAST_MATH = YES;
				ONLY_ACTIVE_ARCH = YES;
				SDKROOT = iphoneos;
				SWIFT_ACTIVE_COMPILATION_CONDITIONS = DEBUG;
				SWIFT_OPTIMIZATION_LEVEL = "-Onone";
			};
			name = Debug;
		};
		D8598D5B21729242007D452B /* Release */ = {
			isa = XCBuildConfiguration;
			buildSettings = {
				ALWAYS_SEARCH_USER_PATHS = NO;
				CLANG_ANALYZER_NONNULL = YES;
				CLANG_ANALYZER_NUMBER_OBJECT_CONVERSION = YES_AGGRESSIVE;
				CLANG_CXX_LANGUAGE_STANDARD = "gnu++14";
				CLANG_CXX_LIBRARY = "libc++";
				CLANG_ENABLE_MODULES = YES;
				CLANG_ENABLE_OBJC_ARC = YES;
				CLANG_ENABLE_OBJC_WEAK = YES;
				CLANG_WARN_BLOCK_CAPTURE_AUTORELEASING = YES;
				CLANG_WARN_BOOL_CONVERSION = YES;
				CLANG_WARN_COMMA = YES;
				CLANG_WARN_CONSTANT_CONVERSION = YES;
				CLANG_WARN_DEPRECATED_OBJC_IMPLEMENTATIONS = YES;
				CLANG_WARN_DIRECT_OBJC_ISA_USAGE = YES_ERROR;
				CLANG_WARN_DOCUMENTATION_COMMENTS = YES;
				CLANG_WARN_EMPTY_BODY = YES;
				CLANG_WARN_ENUM_CONVERSION = YES;
				CLANG_WARN_INFINITE_RECURSION = YES;
				CLANG_WARN_INT_CONVERSION = YES;
				CLANG_WARN_NON_LITERAL_NULL_CONVERSION = YES;
				CLANG_WARN_OBJC_IMPLICIT_RETAIN_SELF = YES;
				CLANG_WARN_OBJC_LITERAL_CONVERSION = YES;
				CLANG_WARN_OBJC_ROOT_CLASS = YES_ERROR;
				CLANG_WARN_RANGE_LOOP_ANALYSIS = YES;
				CLANG_WARN_STRICT_PROTOTYPES = YES;
				CLANG_WARN_SUSPICIOUS_MOVE = YES;
				CLANG_WARN_UNGUARDED_AVAILABILITY = YES_AGGRESSIVE;
				CLANG_WARN_UNREACHABLE_CODE = YES;
				CLANG_WARN__DUPLICATE_METHOD_MATCH = YES;
				CODE_SIGN_IDENTITY = "iPhone Developer";
				COPY_PHASE_STRIP = NO;
				DEBUG_INFORMATION_FORMAT = "dwarf-with-dsym";
				ENABLE_NS_ASSERTIONS = NO;
				ENABLE_STRICT_OBJC_MSGSEND = YES;
				GCC_C_LANGUAGE_STANDARD = gnu11;
				GCC_NO_COMMON_BLOCKS = YES;
				GCC_WARN_64_TO_32_BIT_CONVERSION = YES;
				GCC_WARN_ABOUT_RETURN_TYPE = YES_ERROR;
				GCC_WARN_UNDECLARED_SELECTOR = YES;
				GCC_WARN_UNINITIALIZED_AUTOS = YES_AGGRESSIVE;
				GCC_WARN_UNUSED_FUNCTION = YES;
				GCC_WARN_UNUSED_VARIABLE = YES;
				IPHONEOS_DEPLOYMENT_TARGET = 12.0;
				MTL_ENABLE_DEBUG_INFO = NO;
				MTL_FAST_MATH = YES;
				SDKROOT = iphoneos;
				SWIFT_COMPILATION_MODE = wholemodule;
				SWIFT_OPTIMIZATION_LEVEL = "-O";
				VALIDATE_PRODUCT = YES;
			};
			name = Release;
		};
		D8598D5D21729242007D452B /* Debug */ = {
			isa = XCBuildConfiguration;
			buildSettings = {
				ASSETCATALOG_COMPILER_APPICON_NAME = AppIcon;
				CODE_SIGN_STYLE = Automatic;
				INFOPLIST_FILE = sectionsTable/Info.plist;
				LD_RUNPATH_SEARCH_PATHS = (
					"$(inherited)",
					"@executable_path/Frameworks",
				);
				PRODUCT_BUNDLE_IDENTIFIER = com.zapiti.sectionsTable;
				PRODUCT_NAME = "$(TARGET_NAME)";
				SWIFT_VERSION = 4.2;
				TARGETED_DEVICE_FAMILY = "1,2";
			};
			name = Debug;
		};
		D8598D5E21729242007D452B /* Release */ = {
			isa = XCBuildConfiguration;
			buildSettings = {
				ASSETCATALOG_COMPILER_APPICON_NAME = AppIcon;
				CODE_SIGN_STYLE = Automatic;
				INFOPLIST_FILE = sectionsTable/Info.plist;
				LD_RUNPATH_SEARCH_PATHS = (
					"$(inherited)",
					"@executable_path/Frameworks",
				);
				PRODUCT_BUNDLE_IDENTIFIER = com.zapiti.sectionsTable;
				PRODUCT_NAME = "$(TARGET_NAME)";
				SWIFT_VERSION = 4.2;
				TARGETED_DEVICE_FAMILY = "1,2";
			};
			name = Release;
		};
		D8598D6021729242007D452B /* Debug */ = {
			isa = XCBuildConfiguration;
			buildSettings = {
				ALWAYS_EMBED_SWIFT_STANDARD_LIBRARIES = YES;
				BUNDLE_LOADER = "$(TEST_HOST)";
				CODE_SIGN_STYLE = Automatic;
				INFOPLIST_FILE = sectionsTableTests/Info.plist;
				LD_RUNPATH_SEARCH_PATHS = (
					"$(inherited)",
					"@executable_path/Frameworks",
					"@loader_path/Frameworks",
				);
				PRODUCT_BUNDLE_IDENTIFIER = com.zapiti.sectionsTableTests;
				PRODUCT_NAME = "$(TARGET_NAME)";
				SWIFT_VERSION = 4.2;
				TARGETED_DEVICE_FAMILY = "1,2";
				TEST_HOST = "$(BUILT_PRODUCTS_DIR)/sectionsTable.app/sectionsTable";
			};
			name = Debug;
		};
		D8598D6121729242007D452B /* Release */ = {
			isa = XCBuildConfiguration;
			buildSettings = {
				ALWAYS_EMBED_SWIFT_STANDARD_LIBRARIES = YES;
				BUNDLE_LOADER = "$(TEST_HOST)";
				CODE_SIGN_STYLE = Automatic;
				INFOPLIST_FILE = sectionsTableTests/Info.plist;
				LD_RUNPATH_SEARCH_PATHS = (
					"$(inherited)",
					"@executable_path/Frameworks",
					"@loader_path/Frameworks",
				);
				PRODUCT_BUNDLE_IDENTIFIER = com.zapiti.sectionsTableTests;
				PRODUCT_NAME = "$(TARGET_NAME)";
				SWIFT_VERSION = 4.2;
				TARGETED_DEVICE_FAMILY = "1,2";
				TEST_HOST = "$(BUILT_PRODUCTS_DIR)/sectionsTable.app/sectionsTable";
			};
			name = Release;
		};
		D8598D6321729242007D452B /* Debug */ = {
			isa = XCBuildConfiguration;
			buildSettings = {
				ALWAYS_EMBED_SWIFT_STANDARD_LIBRARIES = YES;
				CODE_SIGN_STYLE = Automatic;
				INFOPLIST_FILE = sectionsTableUITests/Info.plist;
				LD_RUNPATH_SEARCH_PATHS = (
					"$(inherited)",
					"@executable_path/Frameworks",
					"@loader_path/Frameworks",
				);
				PRODUCT_BUNDLE_IDENTIFIER = com.zapiti.sectionsTableUITests;
				PRODUCT_NAME = "$(TARGET_NAME)";
				SWIFT_VERSION = 4.2;
				TARGETED_DEVICE_FAMILY = "1,2";
				TEST_TARGET_NAME = sectionsTable;
			};
			name = Debug;
		};
		D8598D6421729242007D452B /* Release */ = {
			isa = XCBuildConfiguration;
			buildSettings = {
				ALWAYS_EMBED_SWIFT_STANDARD_LIBRARIES = YES;
				CODE_SIGN_STYLE = Automatic;
				INFOPLIST_FILE = sectionsTableUITests/Info.plist;
				LD_RUNPATH_SEARCH_PATHS = (
					"$(inherited)",
					"@executable_path/Frameworks",
					"@loader_path/Frameworks",
				);
				PRODUCT_BUNDLE_IDENTIFIER = com.zapiti.sectionsTableUITests;
				PRODUCT_NAME = "$(TARGET_NAME)";
				SWIFT_VERSION = 4.2;
				TARGETED_DEVICE_FAMILY = "1,2";
				TEST_TARGET_NAME = sectionsTable;
			};
			name = Release;
		};
/* End XCBuildConfiguration section */

/* Begin XCConfigurationList section */
		D8598D2F21729241007D452B /* Build configuration list for PBXProject "sectionsTable" */ = {
			isa = XCConfigurationList;
			buildConfigurations = (
				D8598D5A21729242007D452B /* Debug */,
				D8598D5B21729242007D452B /* Release */,
			);
			defaultConfigurationIsVisible = 0;
			defaultConfigurationName = Release;
		};
		D8598D5C21729242007D452B /* Build configuration list for PBXNativeTarget "sectionsTable" */ = {
			isa = XCConfigurationList;
			buildConfigurations = (
				D8598D5D21729242007D452B /* Debug */,
				D8598D5E21729242007D452B /* Release */,
			);
			defaultConfigurationIsVisible = 0;
			defaultConfigurationName = Release;
		};
		D8598D5F21729242007D452B /* Build configuration list for PBXNativeTarget "sectionsTableTests" */ = {
			isa = XCConfigurationList;
			buildConfigurations = (
				D8598D6021729242007D452B /* Debug */,
				D8598D6121729242007D452B /* Release */,
			);
			defaultConfigurationIsVisible = 0;
			defaultConfigurationName = Release;
		};
		D8598D6221729242007D452B /* Build configuration list for PBXNativeTarget "sectionsTableUITests" */ = {
			isa = XCConfigurationList;
			buildConfigurations = (
				D8598D6321729242007D452B /* Debug */,
				D8598D6421729242007D452B /* Release */,
			);
			defaultConfigurationIsVisible = 0;
			defaultConfigurationName = Release;
		};
/* End XCConfigurationList section */
	};
	rootObject = D8598D2C21729241007D452B /* Project object */;
}
